// !$*UTF8*$!
{
	archiveVersion = 1;
	classes = {
	};
	objectVersion = 46;
	objects = {

/* Begin PBXBuildFile section */
		150FB66D1DB1657C0038DA24 /* AppDelegate.swift in Sources */ = {isa = PBXBuildFile; fileRef = 150FB66C1DB1657C0038DA24 /* AppDelegate.swift */; };
		150FB66F1DB1657C0038DA24 /* ViewController.swift in Sources */ = {isa = PBXBuildFile; fileRef = 150FB66E1DB1657C0038DA24 /* ViewController.swift */; };
		150FB6721DB1657C0038DA24 /* Main.storyboard in Resources */ = {isa = PBXBuildFile; fileRef = 150FB6701DB1657C0038DA24 /* Main.storyboard */; };
		150FB6751DB1657C0038DA24 /* recipez.xcdatamodeld in Sources */ = {isa = PBXBuildFile; fileRef = 150FB6731DB1657C0038DA24 /* recipez.xcdatamodeld */; };
		150FB6771DB1657C0038DA24 /* Assets.xcassets in Resources */ = {isa = PBXBuildFile; fileRef = 150FB6761DB1657C0038DA24 /* Assets.xcassets */; };
		150FB67A1DB1657C0038DA24 /* LaunchScreen.storyboard in Resources */ = {isa = PBXBuildFile; fileRef = 150FB6781DB1657C0038DA24 /* LaunchScreen.storyboard */; };
/* End PBXBuildFile section */

/* Begin PBXFileReference section */
		150FB6691DB1657C0038DA24 /* recipez.app */ = {isa = PBXFileReference; explicitFileType = wrapper.application; includeInIndex = 0; path = recipez.app; sourceTree = BUILT_PRODUCTS_DIR; };
		150FB66C1DB1657C0038DA24 /* AppDelegate.swift */ = {isa = PBXFileReference; lastKnownFileType = sourcecode.swift; path = AppDelegate.swift; sourceTree = "<group>"; };
		150FB66E1DB1657C0038DA24 /* ViewController.swift */ = {isa = PBXFileReference; lastKnownFileType = sourcecode.swift; path = ViewController.swift; sourceTree = "<group>"; };
		150FB6711DB1657C0038DA24 /* Base */ = {isa = PBXFileReference; lastKnownFileType = file.storyboard; name = Base; path = Base.lproj/Main.storyboard; sourceTree = "<group>"; };
		150FB6741DB1657C0038DA24 /* recipez.xcdatamodel */ = {isa = PBXFileReference; lastKnownFileType = wrapper.xcdatamodel; path = recipez.xcdatamodel; sourceTree = "<group>"; };
		150FB6761DB1657C0038DA24 /* Assets.xcassets */ = {isa = PBXFileReference; lastKnownFileType = folder.assetcatalog; path = Assets.xcassets; sourceTree = "<group>"; };
		150FB6791DB1657C0038DA24 /* Base */ = {isa = PBXFileReference; lastKnownFileType = file.storyboard; name = Base; path = Base.lproj/LaunchScreen.storyboard; sourceTree = "<group>"; };
		150FB67B1DB1657C0038DA24 /* Info.plist */ = {isa = PBXFileReference; lastKnownFileType = text.plist.xml; path = Info.plist; sourceTree = "<group>"; };
/* End PBXFileReference section */

/* Begin PBXFrameworksBuildPhase section */
		150FB6661DB1657C0038DA24 /* Frameworks */ = {
			isa = PBXFrameworksBuildPhase;
			buildActionMask = 2147483647;
			files = (
			);
			runOnlyForDeploymentPostprocessing = 0;
		};
/* End PBXFrameworksBuildPhase section */

/* Begin PBXGroup section */
		150FB6601DB1657C0038DA24 = {
			isa = PBXGroup;
			children = (
				150FB66B1DB1657C0038DA24 /* recipez */,
				150FB66A1DB1657C0038DA24 /* Products */,
			);
			sourceTree = "<group>";
		};
		150FB66A1DB1657C0038DA24 /* Products */ = {
			isa = PBXGroup;
			children = (
				150FB6691DB1657C0038DA24 /* recipez.app */,
			);
			name = Products;
			sourceTree = "<group>";
		};
		150FB66B1DB1657C0038DA24 /* recipez */ = {
			isa = PBXGroup;
			children = (
				150FB66C1DB1657C0038DA24 /* AppDelegate.swift */,
				150FB66E1DB1657C0038DA24 /* ViewController.swift */,
				150FB6701DB1657C0038DA24 /* Main.storyboard */,
				150FB6761DB1657C0038DA24 /* Assets.xcassets */,
				150FB6781DB1657C0038DA24 /* LaunchScreen.storyboard */,
				150FB67B1DB1657C0038DA24 /* Info.plist */,
				150FB6731DB1657C0038DA24 /* recipez.xcdatamodeld */,
			);
			path = recipez;
			sourceTree = "<group>";
		};
/* End PBXGroup section */

/* Begin PBXNativeTarget section */
		150FB6681DB1657C0038DA24 /* recipez */ = {
			isa = PBXNativeTarget;
			buildConfigurationList = 150FB67E1DB1657C0038DA24 /* Build configuration list for PBXNativeTarget "recipez" */;
			buildPhases = (
				150FB6651DB1657C0038DA24 /* Sources */,
				150FB6661DB1657C0038DA24 /* Frameworks */,
				150FB6671DB1657C0038DA24 /* Resources */,
			);
			buildRules = (
			);
			dependencies = (
			);
			name = recipez;
			productName = recipez;
			productReference = 150FB6691DB1657C0038DA24 /* recipez.app */;
			productType = "com.apple.product-type.application";
		};
/* End PBXNativeTarget section */

/* Begin PBXProject section */
		150FB6611DB1657C0038DA24 /* Project object */ = {
			isa = PBXProject;
			attributes = {
				LastSwiftUpdateCheck = 0730;
				LastUpgradeCheck = 0730;
				ORGANIZATIONNAME = "Héctor Moreno";
				TargetAttributes = {
					150FB6681DB1657C0038DA24 = {
						CreatedOnToolsVersion = 7.3.1;
					};
				};
			};
			buildConfigurationList = 150FB6641DB1657C0038DA24 /* Build configuration list for PBXProject "recipez" */;
			compatibilityVersion = "Xcode 3.2";
			developmentRegion = English;
			hasScannedForEncodings = 0;
			knownRegions = (
				en,
				Base,
			);
			mainGroup = 150FB6601DB1657C0038DA24;
			productRefGroup = 150FB66A1DB1657C0038DA24 /* Products */;
			projectDirPath = "";
			projectRoot = "";
			targets = (
				150FB6681DB1657C0038DA24 /* recipez */,
			);
		};
/* End PBXProject section */

/* Begin PBXResourcesBuildPhase section */
		150FB6671DB1657C0038DA24 /* Resources */ = {
			isa = PBXResourcesBuildPhase;
			buildActionMask = 2147483647;
			files = (
				150FB67A1DB1657C0038DA24 /* LaunchScreen.storyboard in Resources */,
				150FB6771DB1657C0038DA24 /* Assets.xcassets in Resources */,
				150FB6721DB1657C0038DA24 /* Main.storyboard in Resources */,
			);
			runOnlyForDeploymentPostprocessing = 0;
		};
/* End PBXResourcesBuildPhase section */

/* Begin PBXSourcesBuildPhase section */
		150FB6651DB1657C0038DA24 /* Sources */ = {
			isa = PBXSourcesBuildPhase;
			buildActionMask = 2147483647;
			files = (
				150FB66F1DB1657C0038DA24 /* ViewController.swift in Sources */,
				150FB66D1DB1657C0038DA24 /* AppDelegate.swift in Sources */,
				150FB6751DB1657C0038DA24 /* recipez.xcdatamodeld in Sources */,
			);
			runOnlyForDeploymentPostprocessing = 0;
		};
/* End PBXSourcesBuildPhase section */

/* Begin PBXVariantGroup section */
		150FB6701DB1657C0038DA24 /* Main.storyboard */ = {
			isa = PBXVariantGroup;
			children = (
				150FB6711DB1657C0038DA24 /* Base */,
			);
			name = Main.storyboard;
			sourceTree = "<group>";
		};
		150FB6781DB1657C0038DA24 /* LaunchScreen.storyboard */ = {
			isa = PBXVariantGroup;
			children = (
				150FB6791DB1657C0038DA24 /* Base */,
			);
			name = LaunchScreen.storyboard;
			sourceTree = "<group>";
		};
/* End PBXVariantGroup section */

/* Begin XCBuildConfiguration section */
		150FB67C1DB1657C0038DA24 /* Debug */ = {
			isa = XCBuildConfiguration;
			buildSettings = {
				ALWAYS_SEARCH_USER_PATHS = NO;
				CLANG_ANALYZER_NONNULL = YES;
				CLANG_CXX_LANGUAGE_STANDARD = "gnu++0x";
				CLANG_CXX_LIBRARY = "libc++";
				CLANG_ENABLE_MODULES = YES;
				CLANG_ENABLE_OBJC_ARC = YES;
				CLANG_WARN_BOOL_CONVERSION = YES;
				CLANG_WARN_CONSTANT_CONVERSION = YES;
				CLANG_WARN_DIRECT_OBJC_ISA_USAGE = YES_ERROR;
				CLANG_WARN_EMPTY_BODY = YES;
				CLANG_WARN_ENUM_CONVERSION = YES;
				CLANG_WARN_INT_CONVERSION = YES;
				CLANG_WARN_OBJC_ROOT_CLASS = YES_ERROR;
				CLANG_WARN_UNREACHABLE_CODE = YES;
				CLANG_WARN__DUPLICATE_METHOD_MATCH = YES;
				"CODE_SIGN_IDENTITY[sdk=iphoneos*]" = "iPhone Developer";
				COPY_PHASE_STRIP = NO;
				DEBUG_INFORMATION_FORMAT = dwarf;
				ENABLE_STRICT_OBJC_MSGSEND = YES;
				ENABLE_TESTABILITY = YES;
				GCC_C_LANGUAGE_STANDARD = gnu99;
				GCC_DYNAMIC_NO_PIC = NO;
				GCC_NO_COMMON_BLOCKS = YES;
				GCC_OPTIMIZATION_LEVEL = 0;
				GCC_PREPROCESSOR_DEFINITIONS = (
					"DEBUG=1",
					"$(inherited)",
				);
				GCC_WARN_64_TO_32_BIT_CONVERSION = YES;
				GCC_WARN_ABOUT_RETURN_TYPE = YES_ERROR;
				GCC_WARN_UNDECLARED_SELECTOR = YES;
				GCC_WARN_UNINITIALIZED_AUTOS = YES_AGGRESSIVE;
				GCC_WARN_UNUSED_FUNCTION = YES;
				GCC_WARN_UNUSED_VARIABLE = YES;
				IPHONEOS_DEPLOYMENT_TARGET = 9.3;
				MTL_ENABLE_DEBUG_INFO = YES;
				ONLY_ACTIVE_ARCH = YES;
				SDKROOT = iphoneos;
				SWIFT_OPTIMIZATION_LEVEL = "-Onone";
				TARGETED_DEVICE_FAMILY = "1,2";
			};
			name = Debug;
		};
		150FB67D1DB1657C0038DA24 /* Release */ = {
			isa = XCBuildConfiguration;
			buildSettings = {
				ALWAYS_SEARCH_USER_PATHS = NO;
				CLANG_ANALYZER_NONNULL = YES;
				CLANG_CXX_LANGUAGE_STANDARD = "gnu++0x";
				CLANG_CXX_LIBRARY = "libc++";
				CLANG_ENABLE_MODULES = YES;
				CLANG_ENABLE_OBJC_ARC = YES;
				CLANG_WARN_BOOL_CONVERSION = YES;
				CLANG_WARN_CONSTANT_CONVERSION = YES;
				CLANG_WARN_DIRECT_OBJC_ISA_USAGE = YES_ERROR;
				CLANG_WARN_EMPTY_BODY = YES;
				CLANG_WARN_ENUM_CONVERSION = YES;
				CLANG_WARN_INT_CONVERSION = YES;
				CLANG_WARN_OBJC_ROOT_CLASS = YES_ERROR;
				CLANG_WARN_UNREACHABLE_CODE = YES;
				CLANG_WARN__DUPLICATE_METHOD_MATCH = YES;
				"CODE_SIGN_IDENTITY[sdk=iphoneos*]" = "iPhone Developer";
				COPY_PHASE_STRIP = NO;
				DEBUG_INFORMATION_FORMAT = "dwarf-with-dsym";
				ENABLE_NS_ASSERTIONS = NO;
				ENABLE_STRICT_OBJC_MSGSEND = YES;
				GCC_C_LANGUAGE_STANDARD = gnu99;
				GCC_NO_COMMON_BLOCKS = YES;
				GCC_WARN_64_TO_32_BIT_CONVERSION = YES;
				GCC_WARN_ABOUT_RETURN_TYPE = YES_ERROR;
				GCC_WARN_UNDECLARED_SELECTOR = YES;
				GCC_WARN_UNINITIALIZED_AUTOS = YES_AGGRESSIVE;
				GCC_WARN_UNUSED_FUNCTION = YES;
				GCC_WARN_UNUSED_VARIABLE = YES;
				IPHONEOS_DEPLOYMENT_TARGET = 9.3;
				MTL_ENABLE_DEBUG_INFO = NO;
				SDKROOT = iphoneos;
				TARGETED_DEVICE_FAMILY = "1,2";
				VALIDATE_PRODUCT = YES;
			};
			name = Release;
		};
		150FB67F1DB1657C0038DA24 /* Debug */ = {
			isa = XCBuildConfiguration;
			buildSettings = {
				ASSETCATALOG_COMPILER_APPICON_NAME = AppIcon;
				INFOPLIST_FILE = recipez/Info.plist;
				LD_RUNPATH_SEARCH_PATHS = "$(inherited) @executable_path/Frameworks";
				PRODUCT_BUNDLE_IDENTIFIER = Hkapp.recipez;
				PRODUCT_NAME = "$(TARGET_NAME)";
			};
			name = Debug;
		};
		150FB6801DB1657C0038DA24 /* Release */ = {
			isa = XCBuildConfiguration;
			buildSettings = {
				ASSETCATALOG_COMPILER_APPICON_NAME = AppIcon;
				INFOPLIST_FILE = recipez/Info.plist;
				LD_RUNPATH_SEARCH_PATHS = "$(inherited) @executable_path/Frameworks";
				PRODUCT_BUNDLE_IDENTIFIER = Hkapp.recipez;
				PRODUCT_NAME = "$(TARGET_NAME)";
			};
			name = Release;
		};
/* End XCBuildConfiguration section */

/* Begin XCConfigurationList section */
		150FB6641DB1657C0038DA24 /* Build configuration list for PBXProject "recipez" */ = {
			isa = XCConfigurationList;
			buildConfigurations = (
				150FB67C1DB1657C0038DA24 /* Debug */,
				150FB67D1DB1657C0038DA24 /* Release */,
			);
			defaultConfigurationIsVisible = 0;
			defaultConfigurationName = Release;
		};
		150FB67E1DB1657C0038DA24 /* Build configuration list for PBXNativeTarget "recipez" */ = {
			isa = XCConfigurationList;
			buildConfigurations = (
				150FB67F1DB1657C0038DA24 /* Debug */,
				150FB6801DB1657C0038DA24 /* Release */,
			);
			defaultConfigurationIsVisible = 0;
		};
/* End XCConfigurationList section */

/* Begin XCVersionGroup section */
		150FB6731DB1657C0038DA24 /* recipez.xcdatamodeld */ = {
			isa = XCVersionGroup;
			children = (
				150FB6741DB1657C0038DA24 /* recipez.xcdatamodel */,
			);
			currentVersion = 150FB6741DB1657C0038DA24 /* recipez.xcdatamodel */;
			path = recipez.xcdatamodeld;
			sourceTree = "<group>";
			versionGroupType = wrapper.xcdatamodel;
		};
/* End XCVersionGroup section */
	};
	rootObject = 150FB6611DB1657C0038DA24 /* Project object */;
}
